Microsoft Visual Studio Solution File, Format Version 11.00
# Visual Studio 2008

Project("{328DE24F-14C8-1C54-BE59-584E18FE4F10}") = "HeartOfTheForest", "Assembly-CSharp-firstpass-vs.csproj", "{F2F65000-A668-B0EB-9DA5-C5CA9357AF05}"
EndProject
Project("{328DE24F-14C8-1C54-BE59-584E18FE4F10}") = "HeartOfTheForest", "Assembly-CSharp-Editor-vs.csproj", "{91C4F08E-83F7-90E2-603D-F33F22CFA0FF}"
EndProject
Global
	GlobalSection(SolutionConfigurationPlatforms) = preSolution
		Debug|Any CPU = Debug|Any CPU
		Release|Any CPU = Release|Any CPU
	EndGlobalSection
	GlobalSection(ProjectConfigurationPlatforms) = postSolution
		{F2F65000-A668-B0EB-9DA5-C5CA9357AF05}.Debug|Any CPU.ActiveCfg = Debug|Any CPU
		{F2F65000-A668-B0EB-9DA5-C5CA9357AF05}.Debug|Any CPU.Build.0 = Debug|Any CPU
		{F2F65000-A668-B0EB-9DA5-C5CA9357AF05}.Release|Any CPU.ActiveCfg = Release|Any CPU
		{F2F65000-A668-B0EB-9DA5-C5CA9357AF05}.Release|Any CPU.Build.0 = Release|Any CPU
		{91C4F08E-83F7-90E2-603D-F33F22CFA0FF}.Debug|Any CPU.ActiveCfg = Debug|Any CPU
		{91C4F08E-83F7-90E2-603D-F33F22CFA0FF}.Debug|Any CPU.Build.0 = Debug|Any CPU
		{91C4F08E-83F7-90E2-603D-F33F22CFA0FF}.Release|Any CPU.ActiveCfg = Release|Any CPU
		{91C4F08E-83F7-90E2-603D-F33F22CFA0FF}.Release|Any CPU.Build.0 = Release|Any CPU
	EndGlobalSection
	GlobalSection(SolutionProperties) = preSolution
		HideSolutionNode = FALSE
	EndGlobalSection
				GlobalSection(MonoDevelopProperties) = preSolution
		StartupItem = Assembly-CSharp-firstpass.csproj
		Policies = $0
		$0.TextStylePolicy = $1
		$1.FileWidth = 120
		$1.TabWidth = 3
		$1.EolMarker = Unix
		$1.inheritsSet = Mono
		$1.inheritsScope = text/plain
		$1.scope = text/x-csharp
		$0.CSharpFormattingPolicy = $2
		$2.AnonymousMethodBraceStyle = NextLine
		$2.PropertyBraceStyle = NextLine
		$2.PropertyGetBraceStyle = NextLine
		$2.PropertySetBraceStyle = NextLine
		$2.EventBraceStyle = NextLine
		$2.EventAddBraceStyle = NextLine
		$2.EventRemoveBraceStyle = NextLineShifted2
		$2.StatementBraceStyle = NextLine
		$2.inheritsSet = Mono
		$2.inheritsScope = text/x-csharp
		$2.scope = text/x-csharp
		$0.TextStylePolicy = $3
		$3.FileWidth = 120
		$3.TabWidth = 4
		$3.EolMarker = Unix
		$3.inheritsSet = Mono
		$3.inheritsScope = text/plain
		$3.scope = text/plain
	EndGlobalSection

EndGlobal
